
Microsoft Visual Studio Solution File, Format Version 12.00
Project("{2150E333-8FDC-42A3-9474-1A3956D46DE8}") = "src", "src", "{EC635AF0-5609-4BF4-8B16-E2CBF1EB6A48}"
EndProject
Project("{2150E333-8FDC-42A3-9474-1A3956D46DE8}") = "root", "root", "{ECE438C5-64A5-4F54-BCC3-496F2C131090}"
	ProjectSection(SolutionItems) = preProject
		.gitignore = .gitignore
		NuGet.Config = NuGet.Config
		LICENSE = LICENSE
		README.md = README.md
		release.config.mjs = release.config.mjs
	EndProjectSection
EndProject
Project("{2150E333-8FDC-42A3-9474-1A3956D46DE8}") = "github", "github", "{3080CE4F-8079-4FB6-B164-46A5CE130E87}"
EndProject
Project("{2150E333-8FDC-42A3-9474-1A3956D46DE8}") = "workflows", "workflows", "{55FBF767-92FE-49F8-8B95-4E4996FEF374}"
	ProjectSection(SolutionItems) = preProject
		.github\workflows\ci.yml = .github\workflows\ci.yml
		.github\workflows\release.yml = .github\workflows\release.yml
	EndProjectSection
EndProject
Project("{2150E333-8FDC-42A3-9474-1A3956D46DE8}") = "Application", "Application", "{FA57A1E6-2DBB-410C-90C4-96085E3462E2}"
EndProject
Project("{2150E333-8FDC-42A3-9474-1A3956D46DE8}") = "tests", "tests", "{C3BBD073-AE95-4FFA-86F8-971912BFE4E1}"
EndProject
Project("{FAE04EC0-301F-11D3-BF4B-00C04F79EFBC}") = "eQuantic.Core.Application", "src\eQuantic.Core.Application\eQuantic.Core.Application.csproj", "{4ACA3E2B-55C0-44E9-A26E-D12B4A56D7F5}"
EndProject
Project("{2150E333-8FDC-42A3-9474-1A3956D46DE8}") = "Persistence", "Persistence", "{2B9BF55D-FC2B-4520-9040-86332E204936}"
EndProject
Project("{FAE04EC0-301F-11D3-BF4B-00C04F79EFBC}") = "eQuantic.Core.Persistence", "src\eQuantic.Core.Persistence\eQuantic.Core.Persistence.csproj", "{3A64DFFA-642A-4316-AC06-69B8F0793A86}"
EndProject
Project("{FAE04EC0-301F-11D3-BF4B-00C04F79EFBC}") = "eQuantic.Core.Persistence.MongoDb", "src\eQuantic.Core.Persistence.MongoDb\eQuantic.Core.Persistence.MongoDb.csproj", "{8CEAE2E4-0695-4419-BAA5-DEF2B389D781}"
EndProject
Project("{FAE04EC0-301F-11D3-BF4B-00C04F79EFBC}") = "eQuantic.Core.Domain", "src\eQuantic.Core.Domain\eQuantic.Core.Domain.csproj", "{FC41B487-4A01-4ECC-B0DD-3183A856A0F6}"
EndProject
Project("{FAE04EC0-301F-11D3-BF4B-00C04F79EFBC}") = "eQuantic.Core.Exceptions", "src\eQuantic.Core.Exceptions\eQuantic.Core.Exceptions.csproj", "{1856B9A6-927B-46EE-8FFF-534E9F6EEBE0}"
EndProject
Project("{FAE04EC0-301F-11D3-BF4B-00C04F79EFBC}") = "eQuantic.Core.Persistence.MySql", "src\eQuantic.Core.Persistence.MySql\eQuantic.Core.Persistence.MySql.csproj", "{58FFA71C-A602-4D87-A7B7-04743CBE4E62}"
EndProject
Project("{FAE04EC0-301F-11D3-BF4B-00C04F79EFBC}") = "eQuantic.Core.Persistence.PostgreSql", "src\eQuantic.Core.Persistence.PostgreSql\eQuantic.Core.Persistence.PostgreSql.csproj", "{9A62F4EE-98B1-4800-9EEA-5516D0883FE2}"
EndProject
Project("{FAE04EC0-301F-11D3-BF4B-00C04F79EFBC}") = "eQuantic.Core.Persistence.Relational", "src\eQuantic.Core.Persistence.Relational\eQuantic.Core.Persistence.Relational.csproj", "{9671E572-5DD1-4ECE-82A2-909C0AE43DF3}"
EndProject
Project("{FAE04EC0-301F-11D3-BF4B-00C04F79EFBC}") = "eQuantic.Core.Persistence.SqlServer", "src\eQuantic.Core.Persistence.SqlServer\eQuantic.Core.Persistence.SqlServer.csproj", "{88BB5B09-1F98-4E4D-9B6D-50173C86F76B}"
EndProject
Project("{FAE04EC0-301F-11D3-BF4B-00C04F79EFBC}") = "eQuantic.Core.Domain.Tests", "tests\eQuantic.Core.Domain.Tests\eQuantic.Core.Domain.Tests.csproj", "{C2D28E01-556C-4FB7-8C97-DB8C02A6EBEC}"
EndProject
Project("{FAE04EC0-301F-11D3-BF4B-00C04F79EFBC}") = "eQuantic.Core.Persistence.PostgreSql.Tests", "tests\eQuantic.Core.Persistence.PostgreSql.Tests\eQuantic.Core.Persistence.PostgreSql.Tests.csproj", "{94DA5628-F940-4B97-82A4-5607FE7DB4A8}"
EndProject
Project("{FAE04EC0-301F-11D3-BF4B-00C04F79EFBC}") = "eQuantic.Core.Persistence.Relational.Tests", "tests\eQuantic.Core.Persistence.Relational.Tests\eQuantic.Core.Persistence.Relational.Tests.csproj", "{9C0720DE-5E4F-45F1-9FB4-2D1E1C5EAE26}"
EndProject
Project("{FAE04EC0-301F-11D3-BF4B-00C04F79EFBC}") = "eQuantic.Core.Persistence.Tests", "tests\eQuantic.Core.Persistence.Tests\eQuantic.Core.Persistence.Tests.csproj", "{AEB2206A-58F3-4A1B-85EA-FD6E7B3BE48B}"
EndProject
Global
	GlobalSection(SolutionConfigurationPlatforms) = preSolution
		Debug|Any CPU = Debug|Any CPU
		Debug|x64 = Debug|x64
		Debug|x86 = Debug|x86
		Release|Any CPU = Release|Any CPU
		Release|x64 = Release|x64
		Release|x86 = Release|x86
	EndGlobalSection
	GlobalSection(ProjectConfigurationPlatforms) = postSolution
		{4ACA3E2B-55C0-44E9-A26E-D12B4A56D7F5}.Debug|Any CPU.ActiveCfg = Debug|Any CPU
		{4ACA3E2B-55C0-44E9-A26E-D12B4A56D7F5}.Debug|Any CPU.Build.0 = Debug|Any CPU
		{4ACA3E2B-55C0-44E9-A26E-D12B4A56D7F5}.Debug|x64.ActiveCfg = Debug|Any CPU
		{4ACA3E2B-55C0-44E9-A26E-D12B4A56D7F5}.Debug|x64.Build.0 = Debug|Any CPU
		{4ACA3E2B-55C0-44E9-A26E-D12B4A56D7F5}.Debug|x86.ActiveCfg = Debug|Any CPU
		{4ACA3E2B-55C0-44E9-A26E-D12B4A56D7F5}.Debug|x86.Build.0 = Debug|Any CPU
		{4ACA3E2B-55C0-44E9-A26E-D12B4A56D7F5}.Release|Any CPU.ActiveCfg = Release|Any CPU
		{4ACA3E2B-55C0-44E9-A26E-D12B4A56D7F5}.Release|Any CPU.Build.0 = Release|Any CPU
		{4ACA3E2B-55C0-44E9-A26E-D12B4A56D7F5}.Release|x64.ActiveCfg = Release|Any CPU
		{4ACA3E2B-55C0-44E9-A26E-D12B4A56D7F5}.Release|x64.Build.0 = Release|Any CPU
		{4ACA3E2B-55C0-44E9-A26E-D12B4A56D7F5}.Release|x86.ActiveCfg = Release|Any CPU
		{4ACA3E2B-55C0-44E9-A26E-D12B4A56D7F5}.Release|x86.Build.0 = Release|Any CPU
		{3A64DFFA-642A-4316-AC06-69B8F0793A86}.Debug|Any CPU.ActiveCfg = Debug|Any CPU
		{3A64DFFA-642A-4316-AC06-69B8F0793A86}.Debug|Any CPU.Build.0 = Debug|Any CPU
		{3A64DFFA-642A-4316-AC06-69B8F0793A86}.Debug|x64.ActiveCfg = Debug|Any CPU
		{3A64DFFA-642A-4316-AC06-69B8F0793A86}.Debug|x64.Build.0 = Debug|Any CPU
		{3A64DFFA-642A-4316-AC06-69B8F0793A86}.Debug|x86.ActiveCfg = Debug|Any CPU
		{3A64DFFA-642A-4316-AC06-69B8F0793A86}.Debug|x86.Build.0 = Debug|Any CPU
		{3A64DFFA-642A-4316-AC06-69B8F0793A86}.Release|Any CPU.ActiveCfg = Release|Any CPU
		{3A64DFFA-642A-4316-AC06-69B8F0793A86}.Release|Any CPU.Build.0 = Release|Any CPU
		{3A64DFFA-642A-4316-AC06-69B8F0793A86}.Release|x64.ActiveCfg = Release|Any CPU
		{3A64DFFA-642A-4316-AC06-69B8F0793A86}.Release|x64.Build.0 = Release|Any CPU
		{3A64DFFA-642A-4316-AC06-69B8F0793A86}.Release|x86.ActiveCfg = Release|Any CPU
		{3A64DFFA-642A-4316-AC06-69B8F0793A86}.Release|x86.Build.0 = Release|Any CPU
		{8CEAE2E4-0695-4419-BAA5-DEF2B389D781}.Debug|Any CPU.ActiveCfg = Debug|Any CPU
		{8CEAE2E4-0695-4419-BAA5-DEF2B389D781}.Debug|Any CPU.Build.0 = Debug|Any CPU
		{8CEAE2E4-0695-4419-BAA5-DEF2B389D781}.Debug|x64.ActiveCfg = Debug|Any CPU
		{8CEAE2E4-0695-4419-BAA5-DEF2B389D781}.Debug|x64.Build.0 = Debug|Any CPU
		{8CEAE2E4-0695-4419-BAA5-DEF2B389D781}.Debug|x86.ActiveCfg = Debug|Any CPU
		{8CEAE2E4-0695-4419-BAA5-DEF2B389D781}.Debug|x86.Build.0 = Debug|Any CPU
		{8CEAE2E4-0695-4419-BAA5-DEF2B389D781}.Release|Any CPU.ActiveCfg = Release|Any CPU
		{8CEAE2E4-0695-4419-BAA5-DEF2B389D781}.Release|Any CPU.Build.0 = Release|Any CPU
		{8CEAE2E4-0695-4419-BAA5-DEF2B389D781}.Release|x64.ActiveCfg = Release|Any CPU
		{8CEAE2E4-0695-4419-BAA5-DEF2B389D781}.Release|x64.Build.0 = Release|Any CPU
		{8CEAE2E4-0695-4419-BAA5-DEF2B389D781}.Release|x86.ActiveCfg = Release|Any CPU
		{8CEAE2E4-0695-4419-BAA5-DEF2B389D781}.Release|x86.Build.0 = Release|Any CPU
		{FC41B487-4A01-4ECC-B0DD-3183A856A0F6}.Debug|Any CPU.ActiveCfg = Debug|Any CPU
		{FC41B487-4A01-4ECC-B0DD-3183A856A0F6}.Debug|Any CPU.Build.0 = Debug|Any CPU
		{FC41B487-4A01-4ECC-B0DD-3183A856A0F6}.Debug|x64.ActiveCfg = Debug|Any CPU
		{FC41B487-4A01-4ECC-B0DD-3183A856A0F6}.Debug|x64.Build.0 = Debug|Any CPU
		{FC41B487-4A01-4ECC-B0DD-3183A856A0F6}.Debug|x86.ActiveCfg = Debug|Any CPU
		{FC41B487-4A01-4ECC-B0DD-3183A856A0F6}.Debug|x86.Build.0 = Debug|Any CPU
		{FC41B487-4A01-4ECC-B0DD-3183A856A0F6}.Release|Any CPU.ActiveCfg = Release|Any CPU
		{FC41B487-4A01-4ECC-B0DD-3183A856A0F6}.Release|Any CPU.Build.0 = Release|Any CPU
		{FC41B487-4A01-4ECC-B0DD-3183A856A0F6}.Release|x64.ActiveCfg = Release|Any CPU
		{FC41B487-4A01-4ECC-B0DD-3183A856A0F6}.Release|x64.Build.0 = Release|Any CPU
		{FC41B487-4A01-4ECC-B0DD-3183A856A0F6}.Release|x86.ActiveCfg = Release|Any CPU
		{FC41B487-4A01-4ECC-B0DD-3183A856A0F6}.Release|x86.Build.0 = Release|Any CPU
		{1856B9A6-927B-46EE-8FFF-534E9F6EEBE0}.Debug|Any CPU.ActiveCfg = Debug|Any CPU
		{1856B9A6-927B-46EE-8FFF-534E9F6EEBE0}.Debug|Any CPU.Build.0 = Debug|Any CPU
		{1856B9A6-927B-46EE-8FFF-534E9F6EEBE0}.Debug|x64.ActiveCfg = Debug|Any CPU
		{1856B9A6-927B-46EE-8FFF-534E9F6EEBE0}.Debug|x64.Build.0 = Debug|Any CPU
		{1856B9A6-927B-46EE-8FFF-534E9F6EEBE0}.Debug|x86.ActiveCfg = Debug|Any CPU
		{1856B9A6-927B-46EE-8FFF-534E9F6EEBE0}.Debug|x86.Build.0 = Debug|Any CPU
		{1856B9A6-927B-46EE-8FFF-534E9F6EEBE0}.Release|Any CPU.ActiveCfg = Release|Any CPU
		{1856B9A6-927B-46EE-8FFF-534E9F6EEBE0}.Release|Any CPU.Build.0 = Release|Any CPU
		{1856B9A6-927B-46EE-8FFF-534E9F6EEBE0}.Release|x64.ActiveCfg = Release|Any CPU
		{1856B9A6-927B-46EE-8FFF-534E9F6EEBE0}.Release|x64.Build.0 = Release|Any CPU
		{1856B9A6-927B-46EE-8FFF-534E9F6EEBE0}.Release|x86.ActiveCfg = Release|Any CPU
		{1856B9A6-927B-46EE-8FFF-534E9F6EEBE0}.Release|x86.Build.0 = Release|Any CPU
		{58FFA71C-A602-4D87-A7B7-04743CBE4E62}.Debug|Any CPU.ActiveCfg = Debug|Any CPU
		{58FFA71C-A602-4D87-A7B7-04743CBE4E62}.Debug|Any CPU.Build.0 = Debug|Any CPU
		{58FFA71C-A602-4D87-A7B7-04743CBE4E62}.Debug|x64.ActiveCfg = Debug|Any CPU
		{58FFA71C-A602-4D87-A7B7-04743CBE4E62}.Debug|x64.Build.0 = Debug|Any CPU
		{58FFA71C-A602-4D87-A7B7-04743CBE4E62}.Debug|x86.ActiveCfg = Debug|Any CPU
		{58FFA71C-A602-4D87-A7B7-04743CBE4E62}.Debug|x86.Build.0 = Debug|Any CPU
		{58FFA71C-A602-4D87-A7B7-04743CBE4E62}.Release|Any CPU.ActiveCfg = Release|Any CPU
		{58FFA71C-A602-4D87-A7B7-04743CBE4E62}.Release|Any CPU.Build.0 = Release|Any CPU
		{58FFA71C-A602-4D87-A7B7-04743CBE4E62}.Release|x64.ActiveCfg = Release|Any CPU
		{58FFA71C-A602-4D87-A7B7-04743CBE4E62}.Release|x64.Build.0 = Release|Any CPU
		{58FFA71C-A602-4D87-A7B7-04743CBE4E62}.Release|x86.ActiveCfg = Release|Any CPU
		{58FFA71C-A602-4D87-A7B7-04743CBE4E62}.Release|x86.Build.0 = Release|Any CPU
		{9A62F4EE-98B1-4800-9EEA-5516D0883FE2}.Debug|Any CPU.ActiveCfg = Debug|Any CPU
		{9A62F4EE-98B1-4800-9EEA-5516D0883FE2}.Debug|Any CPU.Build.0 = Debug|Any CPU
		{9A62F4EE-98B1-4800-9EEA-5516D0883FE2}.Debug|x64.ActiveCfg = Debug|Any CPU
		{9A62F4EE-98B1-4800-9EEA-5516D0883FE2}.Debug|x64.Build.0 = Debug|Any CPU
		{9A62F4EE-98B1-4800-9EEA-5516D0883FE2}.Debug|x86.ActiveCfg = Debug|Any CPU
		{9A62F4EE-98B1-4800-9EEA-5516D0883FE2}.Debug|x86.Build.0 = Debug|Any CPU
		{9A62F4EE-98B1-4800-9EEA-5516D0883FE2}.Release|Any CPU.ActiveCfg = Release|Any CPU
		{9A62F4EE-98B1-4800-9EEA-5516D0883FE2}.Release|Any CPU.Build.0 = Release|Any CPU
		{9A62F4EE-98B1-4800-9EEA-5516D0883FE2}.Release|x64.ActiveCfg = Release|Any CPU
		{9A62F4EE-98B1-4800-9EEA-5516D0883FE2}.Release|x64.Build.0 = Release|Any CPU
		{9A62F4EE-98B1-4800-9EEA-5516D0883FE2}.Release|x86.ActiveCfg = Release|Any CPU
		{9A62F4EE-98B1-4800-9EEA-5516D0883FE2}.Release|x86.Build.0 = Release|Any CPU
		{9671E572-5DD1-4ECE-82A2-909C0AE43DF3}.Debug|Any CPU.ActiveCfg = Debug|Any CPU
		{9671E572-5DD1-4ECE-82A2-909C0AE43DF3}.Debug|Any CPU.Build.0 = Debug|Any CPU
		{9671E572-5DD1-4ECE-82A2-909C0AE43DF3}.Debug|x64.ActiveCfg = Debug|Any CPU
		{9671E572-5DD1-4ECE-82A2-909C0AE43DF3}.Debug|x64.Build.0 = Debug|Any CPU
		{9671E572-5DD1-4ECE-82A2-909C0AE43DF3}.Debug|x86.ActiveCfg = Debug|Any CPU
		{9671E572-5DD1-4ECE-82A2-909C0AE43DF3}.Debug|x86.Build.0 = Debug|Any CPU
		{9671E572-5DD1-4ECE-82A2-909C0AE43DF3}.Release|Any CPU.ActiveCfg = Release|Any CPU
		{9671E572-5DD1-4ECE-82A2-909C0AE43DF3}.Release|Any CPU.Build.0 = Release|Any CPU
		{9671E572-5DD1-4ECE-82A2-909C0AE43DF3}.Release|x64.ActiveCfg = Release|Any CPU
		{9671E572-5DD1-4ECE-82A2-909C0AE43DF3}.Release|x64.Build.0 = Release|Any CPU
		{9671E572-5DD1-4ECE-82A2-909C0AE43DF3}.Release|x86.ActiveCfg = Release|Any CPU
		{9671E572-5DD1-4ECE-82A2-909C0AE43DF3}.Release|x86.Build.0 = Release|Any CPU
		{88BB5B09-1F98-4E4D-9B6D-50173C86F76B}.Debug|Any CPU.ActiveCfg = Debug|Any CPU
		{88BB5B09-1F98-4E4D-9B6D-50173C86F76B}.Debug|Any CPU.Build.0 = Debug|Any CPU
		{88BB5B09-1F98-4E4D-9B6D-50173C86F76B}.Debug|x64.ActiveCfg = Debug|Any CPU
		{88BB5B09-1F98-4E4D-9B6D-50173C86F76B}.Debug|x64.Build.0 = Debug|Any CPU
		{88BB5B09-1F98-4E4D-9B6D-50173C86F76B}.Debug|x86.ActiveCfg = Debug|Any CPU
		{88BB5B09-1F98-4E4D-9B6D-50173C86F76B}.Debug|x86.Build.0 = Debug|Any CPU
		{88BB5B09-1F98-4E4D-9B6D-50173C86F76B}.Release|Any CPU.ActiveCfg = Release|Any CPU
		{88BB5B09-1F98-4E4D-9B6D-50173C86F76B}.Release|Any CPU.Build.0 = Release|Any CPU
		{88BB5B09-1F98-4E4D-9B6D-50173C86F76B}.Release|x64.ActiveCfg = Release|Any CPU
		{88BB5B09-1F98-4E4D-9B6D-50173C86F76B}.Release|x64.Build.0 = Release|Any CPU
		{88BB5B09-1F98-4E4D-9B6D-50173C86F76B}.Release|x86.ActiveCfg = Release|Any CPU
		{88BB5B09-1F98-4E4D-9B6D-50173C86F76B}.Release|x86.Build.0 = Release|Any CPU
		{C2D28E01-556C-4FB7-8C97-DB8C02A6EBEC}.Debug|Any CPU.ActiveCfg = Debug|Any CPU
		{C2D28E01-556C-4FB7-8C97-DB8C02A6EBEC}.Debug|Any CPU.Build.0 = Debug|Any CPU
		{C2D28E01-556C-4FB7-8C97-DB8C02A6EBEC}.Debug|x64.ActiveCfg = Debug|Any CPU
		{C2D28E01-556C-4FB7-8C97-DB8C02A6EBEC}.Debug|x64.Build.0 = Debug|Any CPU
		{C2D28E01-556C-4FB7-8C97-DB8C02A6EBEC}.Debug|x86.ActiveCfg = Debug|Any CPU
		{C2D28E01-556C-4FB7-8C97-DB8C02A6EBEC}.Debug|x86.Build.0 = Debug|Any CPU
		{C2D28E01-556C-4FB7-8C97-DB8C02A6EBEC}.Release|Any CPU.ActiveCfg = Release|Any CPU
		{C2D28E01-556C-4FB7-8C97-DB8C02A6EBEC}.Release|Any CPU.Build.0 = Release|Any CPU
		{C2D28E01-556C-4FB7-8C97-DB8C02A6EBEC}.Release|x64.ActiveCfg = Release|Any CPU
		{C2D28E01-556C-4FB7-8C97-DB8C02A6EBEC}.Release|x64.Build.0 = Release|Any CPU
		{C2D28E01-556C-4FB7-8C97-DB8C02A6EBEC}.Release|x86.ActiveCfg = Release|Any CPU
		{C2D28E01-556C-4FB7-8C97-DB8C02A6EBEC}.Release|x86.Build.0 = Release|Any CPU
		{94DA5628-F940-4B97-82A4-5607FE7DB4A8}.Debug|Any CPU.ActiveCfg = Debug|Any CPU
		{94DA5628-F940-4B97-82A4-5607FE7DB4A8}.Debug|Any CPU.Build.0 = Debug|Any CPU
		{94DA5628-F940-4B97-82A4-5607FE7DB4A8}.Debug|x64.ActiveCfg = Debug|Any CPU
		{94DA5628-F940-4B97-82A4-5607FE7DB4A8}.Debug|x64.Build.0 = Debug|Any CPU
		{94DA5628-F940-4B97-82A4-5607FE7DB4A8}.Debug|x86.ActiveCfg = Debug|Any CPU
		{94DA5628-F940-4B97-82A4-5607FE7DB4A8}.Debug|x86.Build.0 = Debug|Any CPU
		{94DA5628-F940-4B97-82A4-5607FE7DB4A8}.Release|Any CPU.ActiveCfg = Release|Any CPU
		{94DA5628-F940-4B97-82A4-5607FE7DB4A8}.Release|Any CPU.Build.0 = Release|Any CPU
		{94DA5628-F940-4B97-82A4-5607FE7DB4A8}.Release|x64.ActiveCfg = Release|Any CPU
		{94DA5628-F940-4B97-82A4-5607FE7DB4A8}.Release|x64.Build.0 = Release|Any CPU
		{94DA5628-F940-4B97-82A4-5607FE7DB4A8}.Release|x86.ActiveCfg = Release|Any CPU
		{94DA5628-F940-4B97-82A4-5607FE7DB4A8}.Release|x86.Build.0 = Release|Any CPU
		{9C0720DE-5E4F-45F1-9FB4-2D1E1C5EAE26}.Debug|Any CPU.ActiveCfg = Debug|Any CPU
		{9C0720DE-5E4F-45F1-9FB4-2D1E1C5EAE26}.Debug|Any CPU.Build.0 = Debug|Any CPU
		{9C0720DE-5E4F-45F1-9FB4-2D1E1C5EAE26}.Debug|x64.ActiveCfg = Debug|Any CPU
		{9C0720DE-5E4F-45F1-9FB4-2D1E1C5EAE26}.Debug|x64.Build.0 = Debug|Any CPU
		{9C0720DE-5E4F-45F1-9FB4-2D1E1C5EAE26}.Debug|x86.ActiveCfg = Debug|Any CPU
		{9C0720DE-5E4F-45F1-9FB4-2D1E1C5EAE26}.Debug|x86.Build.0 = Debug|Any CPU
		{9C0720DE-5E4F-45F1-9FB4-2D1E1C5EAE26}.Release|Any CPU.ActiveCfg = Release|Any CPU
		{9C0720DE-5E4F-45F1-9FB4-2D1E1C5EAE26}.Release|Any CPU.Build.0 = Release|Any CPU
		{9C0720DE-5E4F-45F1-9FB4-2D1E1C5EAE26}.Release|x64.ActiveCfg = Release|Any CPU
		{9C0720DE-5E4F-45F1-9FB4-2D1E1C5EAE26}.Release|x64.Build.0 = Release|Any CPU
		{9C0720DE-5E4F-45F1-9FB4-2D1E1C5EAE26}.Release|x86.ActiveCfg = Release|Any CPU
		{9C0720DE-5E4F-45F1-9FB4-2D1E1C5EAE26}.Release|x86.Build.0 = Release|Any CPU
		{AEB2206A-58F3-4A1B-85EA-FD6E7B3BE48B}.Debug|Any CPU.ActiveCfg = Debug|Any CPU
		{AEB2206A-58F3-4A1B-85EA-FD6E7B3BE48B}.Debug|Any CPU.Build.0 = Debug|Any CPU
		{AEB2206A-58F3-4A1B-85EA-FD6E7B3BE48B}.Debug|x64.ActiveCfg = Debug|Any CPU
		{AEB2206A-58F3-4A1B-85EA-FD6E7B3BE48B}.Debug|x64.Build.0 = Debug|Any CPU
		{AEB2206A-58F3-4A1B-85EA-FD6E7B3BE48B}.Debug|x86.ActiveCfg = Debug|Any CPU
		{AEB2206A-58F3-4A1B-85EA-FD6E7B3BE48B}.Debug|x86.Build.0 = Debug|Any CPU
		{AEB2206A-58F3-4A1B-85EA-FD6E7B3BE48B}.Release|Any CPU.ActiveCfg = Release|Any CPU
		{AEB2206A-58F3-4A1B-85EA-FD6E7B3BE48B}.Release|Any CPU.Build.0 = Release|Any CPU
		{AEB2206A-58F3-4A1B-85EA-FD6E7B3BE48B}.Release|x64.ActiveCfg = Release|Any CPU
		{AEB2206A-58F3-4A1B-85EA-FD6E7B3BE48B}.Release|x64.Build.0 = Release|Any CPU
		{AEB2206A-58F3-4A1B-85EA-FD6E7B3BE48B}.Release|x86.ActiveCfg = Release|Any CPU
		{AEB2206A-58F3-4A1B-85EA-FD6E7B3BE48B}.Release|x86.Build.0 = Release|Any CPU
	EndGlobalSection
	GlobalSection(SolutionProperties) = preSolution
		HideSolutionNode = FALSE
	EndGlobalSection
	GlobalSection(NestedProjects) = preSolution
		{3080CE4F-8079-4FB6-B164-46A5CE130E87} = {ECE438C5-64A5-4F54-BCC3-496F2C131090}
		{55FBF767-92FE-49F8-8B95-4E4996FEF374} = {3080CE4F-8079-4FB6-B164-46A5CE130E87}
		{FA57A1E6-2DBB-410C-90C4-96085E3462E2} = {EC635AF0-5609-4BF4-8B16-E2CBF1EB6A48}
		{4ACA3E2B-55C0-44E9-A26E-D12B4A56D7F5} = {FA57A1E6-2DBB-410C-90C4-96085E3462E2}
		{2B9BF55D-FC2B-4520-9040-86332E204936} = {EC635AF0-5609-4BF4-8B16-E2CBF1EB6A48}
		{3A64DFFA-642A-4316-AC06-69B8F0793A86} = {2B9BF55D-FC2B-4520-9040-86332E204936}
		{8CEAE2E4-0695-4419-BAA5-DEF2B389D781} = {2B9BF55D-FC2B-4520-9040-86332E204936}
		{FC41B487-4A01-4ECC-B0DD-3183A856A0F6} = {FA57A1E6-2DBB-410C-90C4-96085E3462E2}
		{1856B9A6-927B-46EE-8FFF-534E9F6EEBE0} = {FA57A1E6-2DBB-410C-90C4-96085E3462E2}
		{58FFA71C-A602-4D87-A7B7-04743CBE4E62} = {2B9BF55D-FC2B-4520-9040-86332E204936}
		{9A62F4EE-98B1-4800-9EEA-5516D0883FE2} = {2B9BF55D-FC2B-4520-9040-86332E204936}
		{9671E572-5DD1-4ECE-82A2-909C0AE43DF3} = {2B9BF55D-FC2B-4520-9040-86332E204936}
		{88BB5B09-1F98-4E4D-9B6D-50173C86F76B} = {2B9BF55D-FC2B-4520-9040-86332E204936}
		{C2D28E01-556C-4FB7-8C97-DB8C02A6EBEC} = {C3BBD073-AE95-4FFA-86F8-971912BFE4E1}
		{94DA5628-F940-4B97-82A4-5607FE7DB4A8} = {C3BBD073-AE95-4FFA-86F8-971912BFE4E1}
		{9C0720DE-5E4F-45F1-9FB4-2D1E1C5EAE26} = {C3BBD073-AE95-4FFA-86F8-971912BFE4E1}
		{AEB2206A-58F3-4A1B-85EA-FD6E7B3BE48B} = {C3BBD073-AE95-4FFA-86F8-971912BFE4E1}
	EndGlobalSection
EndGlobal
